{
  "requires": true,
  "lockfileVersion": 1,
  "dependencies": {
    "openzeppelin-solidity": {
      "version": "2.1.2",
      "resolved": "https://registry.npmjs.org/openzeppelin-solidity/-/openzeppelin-solidity-2.1.2.tgz",
      "integrity": "sha512-1ggh+AZFpMAgGfgnVMQ8dwYawjD2QN4xuWkQS4FUbeUz1fnCKJpguUl2cyadyfDYjBq1XJ6MA6VkzYpTZtJMqw=="
    },
    "uniswap-solidity": {
      "version": "github:woeltjen/uniswap-solidity#275de23187ad7ba6d8302cd0783e31ce9baea6d2",
      "from": "github:woeltjen/uniswap-solidity"
    }
  }
}
